
Microsoft Visual Studio Solution File, Format Version 12.00
# Visual Studio Version 16
VisualStudioVersion = 16.0.31410.357
MinimumVisualStudioVersion = 10.0.40219.1
Project("{FAE04EC0-301F-11D3-BF4B-00C04F79EFBC}") = "refvsout_in_CSharp", "ref.vs.out_in_CSharp\refvsout_in_CSharp.csproj", "{BBFCB330-6039-43B5-B806-F1DCD0E90F7E}"
EndProject
Global
	GlobalSection(SolutionConfigurationPlatforms) = preSolution
		Debug|Any CPU = Debug|Any CPU
		Release|Any CPU = Release|Any CPU
	EndGlobalSection
	GlobalSection(ProjectConfigurationPlatforms) = postSolution
		{BBFCB330-6039-43B5-B806-F1DCD0E90F7E}.Debug|Any CPU.ActiveCfg = Debug|Any CPU
		{BBFCB330-6039-43B5-B806-F1DCD0E90F7E}.Debug|Any CPU.Build.0 = Debug|Any CPU
		{BBFCB330-6039-43B5-B806-F1DCD0E90F7E}.Release|Any CPU.ActiveCfg = Release|Any CPU
		{BBFCB330-6039-43B5-B806-F1DCD0E90F7E}.Release|Any CPU.Build.0 = Release|Any CPU
	EndGlobalSection
	GlobalSection(SolutionProperties) = preSolution
		HideSolutionNode = FALSE
	EndGlobalSection
	GlobalSection(ExtensibilityGlobals) = postSolution
		SolutionGuid = {CACA3FB3-8CE1-471E-8D66-D7BB900A254A}
	EndGlobalSection
EndGlobal
